
Microsoft Visual Studio Solution File, Format Version 12.00
# Visual Studio Version 17
VisualStudioVersion = 17.1.32421.90
MinimumVisualStudioVersion = 10.0.40219.1
Project("{FAE04EC0-301F-11D3-BF4B-00C04F79EFBC}") = "es01", "es01\es01.csproj", "{0A8C4900-9A5F-47CB-A865-AA24B7F28731}"
EndProject
Global
	GlobalSection(SolutionConfigurationPlatforms) = preSolution
		Debug|Any CPU = Debug|Any CPU
		Release|Any CPU = Release|Any CPU
	EndGlobalSection
	GlobalSection(ProjectConfigurationPlatforms) = postSolution
		{0A8C4900-9A5F-47CB-A865-AA24B7F28731}.Debug|Any CPU.ActiveCfg = Debug|Any CPU
		{0A8C4900-9A5F-47CB-A865-AA24B7F28731}.Debug|Any CPU.Build.0 = Debug|Any CPU
		{0A8C4900-9A5F-47CB-A865-AA24B7F28731}.Release|Any CPU.ActiveCfg = Release|Any CPU
		{0A8C4900-9A5F-47CB-A865-AA24B7F28731}.Release|Any CPU.Build.0 = Release|Any CPU
	EndGlobalSection
	GlobalSection(SolutionProperties) = preSolution
		HideSolutionNode = FALSE
	EndGlobalSection
	GlobalSection(ExtensibilityGlobals) = postSolution
		SolutionGuid = {85338D5A-B3B9-4174-B3A1-219D9F1751CD}
	EndGlobalSection
EndGlobal
